
Microsoft Visual Studio Solution File, Format Version 12.00
# Visual Studio Version 17
VisualStudioVersion = 17.9.34723.18
MinimumVisualStudioVersion = 10.0.40219.1
Project("{FAE04EC0-301F-11D3-BF4B-00C04F79EFBC}") = "Data Structures Level 2 in C#", "Data Structures Level 2 in C#\Data Structures Level 2 in C#.csproj", "{83798F10-E778-49DA-B60D-356952D0DAB8}"
EndProject
Project("{FAE04EC0-301F-11D3-BF4B-00C04F79EFBC}") = "ListExamples", "ListExamples\ListExamples.csproj", "{BF28C415-3346-4FC3-8352-963FA7A67379}"
EndProject
Project("{FAE04EC0-301F-11D3-BF4B-00C04F79EFBC}") = "Dictionary Example", "Dictionary Example\Dictionary Example.csproj", "{0A9A792B-508F-43DE-A828-B1E8D8E444D9}"
EndProject
Project("{FAE04EC0-301F-11D3-BF4B-00C04F79EFBC}") = "Hashset", "Hashset\Hashset.csproj", "{1D795458-9847-437C-9B2C-E22752356A96}"
EndProject
Project("{FAE04EC0-301F-11D3-BF4B-00C04F79EFBC}") = "Sorted List", "Sorted List\Sorted List.csproj", "{BEB22FA8-CF57-49E4-9CA2-56907E8C44A2}"
EndProject
Project("{FAE04EC0-301F-11D3-BF4B-00C04F79EFBC}") = "SortedSet", "SortedSet\SortedSet.csproj", "{38EACBA4-434F-4306-ADFC-8E99DCDD65A3}"
EndProject
Project("{FAE04EC0-301F-11D3-BF4B-00C04F79EFBC}") = "SortedDictionary", "SortedDictionary\SortedDictionary.csproj", "{2C7532D0-9B16-4867-ABEA-960D9AA2CF68}"
EndProject
Project("{FAE04EC0-301F-11D3-BF4B-00C04F79EFBC}") = "Array_List", "ArrayList\Array_List.csproj", "{5887C52C-24F5-4DAD-96EE-4051DECEB9EA}"
EndProject
Project("{FAE04EC0-301F-11D3-BF4B-00C04F79EFBC}") = "ObservableCollection  Examplies", "ObservableCollection  Examplies\ObservableCollection  Examplies.csproj", "{868D6803-2B78-46FB-A429-3ECCF32EF470}"
EndProject
Global
	GlobalSection(SolutionConfigurationPlatforms) = preSolution
		Debug|Any CPU = Debug|Any CPU
		Release|Any CPU = Release|Any CPU
	EndGlobalSection
	GlobalSection(ProjectConfigurationPlatforms) = postSolution
		{83798F10-E778-49DA-B60D-356952D0DAB8}.Debug|Any CPU.ActiveCfg = Debug|Any CPU
		{83798F10-E778-49DA-B60D-356952D0DAB8}.Debug|Any CPU.Build.0 = Debug|Any CPU
		{83798F10-E778-49DA-B60D-356952D0DAB8}.Release|Any CPU.ActiveCfg = Release|Any CPU
		{83798F10-E778-49DA-B60D-356952D0DAB8}.Release|Any CPU.Build.0 = Release|Any CPU
		{BF28C415-3346-4FC3-8352-963FA7A67379}.Debug|Any CPU.ActiveCfg = Debug|Any CPU
		{BF28C415-3346-4FC3-8352-963FA7A67379}.Debug|Any CPU.Build.0 = Debug|Any CPU
		{BF28C415-3346-4FC3-8352-963FA7A67379}.Release|Any CPU.ActiveCfg = Release|Any CPU
		{BF28C415-3346-4FC3-8352-963FA7A67379}.Release|Any CPU.Build.0 = Release|Any CPU
		{0A9A792B-508F-43DE-A828-B1E8D8E444D9}.Debug|Any CPU.ActiveCfg = Debug|Any CPU
		{0A9A792B-508F-43DE-A828-B1E8D8E444D9}.Debug|Any CPU.Build.0 = Debug|Any CPU
		{0A9A792B-508F-43DE-A828-B1E8D8E444D9}.Release|Any CPU.ActiveCfg = Release|Any CPU
		{0A9A792B-508F-43DE-A828-B1E8D8E444D9}.Release|Any CPU.Build.0 = Release|Any CPU
		{1D795458-9847-437C-9B2C-E22752356A96}.Debug|Any CPU.ActiveCfg = Debug|Any CPU
		{1D795458-9847-437C-9B2C-E22752356A96}.Debug|Any CPU.Build.0 = Debug|Any CPU
		{1D795458-9847-437C-9B2C-E22752356A96}.Release|Any CPU.ActiveCfg = Release|Any CPU
		{1D795458-9847-437C-9B2C-E22752356A96}.Release|Any CPU.Build.0 = Release|Any CPU
		{BEB22FA8-CF57-49E4-9CA2-56907E8C44A2}.Debug|Any CPU.ActiveCfg = Debug|Any CPU
		{BEB22FA8-CF57-49E4-9CA2-56907E8C44A2}.Debug|Any CPU.Build.0 = Debug|Any CPU
		{BEB22FA8-CF57-49E4-9CA2-56907E8C44A2}.Release|Any CPU.ActiveCfg = Release|Any CPU
		{BEB22FA8-CF57-49E4-9CA2-56907E8C44A2}.Release|Any CPU.Build.0 = Release|Any CPU
		{38EACBA4-434F-4306-ADFC-8E99DCDD65A3}.Debug|Any CPU.ActiveCfg = Debug|Any CPU
		{38EACBA4-434F-4306-ADFC-8E99DCDD65A3}.Debug|Any CPU.Build.0 = Debug|Any CPU
		{38EACBA4-434F-4306-ADFC-8E99DCDD65A3}.Release|Any CPU.ActiveCfg = Release|Any CPU
		{38EACBA4-434F-4306-ADFC-8E99DCDD65A3}.Release|Any CPU.Build.0 = Release|Any CPU
		{2C7532D0-9B16-4867-ABEA-960D9AA2CF68}.Debug|Any CPU.ActiveCfg = Debug|Any CPU
		{2C7532D0-9B16-4867-ABEA-960D9AA2CF68}.Debug|Any CPU.Build.0 = Debug|Any CPU
		{2C7532D0-9B16-4867-ABEA-960D9AA2CF68}.Release|Any CPU.ActiveCfg = Release|Any CPU
		{2C7532D0-9B16-4867-ABEA-960D9AA2CF68}.Release|Any CPU.Build.0 = Release|Any CPU
		{5887C52C-24F5-4DAD-96EE-4051DECEB9EA}.Debug|Any CPU.ActiveCfg = Debug|Any CPU
		{5887C52C-24F5-4DAD-96EE-4051DECEB9EA}.Debug|Any CPU.Build.0 = Debug|Any CPU
		{5887C52C-24F5-4DAD-96EE-4051DECEB9EA}.Release|Any CPU.ActiveCfg = Release|Any CPU
		{5887C52C-24F5-4DAD-96EE-4051DECEB9EA}.Release|Any CPU.Build.0 = Release|Any CPU
		{868D6803-2B78-46FB-A429-3ECCF32EF470}.Debug|Any CPU.ActiveCfg = Debug|Any CPU
		{868D6803-2B78-46FB-A429-3ECCF32EF470}.Debug|Any CPU.Build.0 = Debug|Any CPU
		{868D6803-2B78-46FB-A429-3ECCF32EF470}.Release|Any CPU.ActiveCfg = Release|Any CPU
		{868D6803-2B78-46FB-A429-3ECCF32EF470}.Release|Any CPU.Build.0 = Release|Any CPU
	EndGlobalSection
	GlobalSection(SolutionProperties) = preSolution
		HideSolutionNode = FALSE
	EndGlobalSection
	GlobalSection(ExtensibilityGlobals) = postSolution
		SolutionGuid = {CA0031CB-6286-4BB9-831B-E0446806BDD6}
	EndGlobalSection
EndGlobal
